
Microsoft Visual Studio Solution File, Format Version 12.00
# Visual Studio Version 17
VisualStudioVersion = 17.1.32228.430
MinimumVisualStudioVersion = 10.0.40219.1
Project("{FAE04EC0-301F-11D3-BF4B-00C04F79EFBC}") = "Sapper", "Sapper\Sapper.csproj", "{FC51EB7B-5084-44B2-8A3B-CA8542E52A55}"
EndProject
Global
	GlobalSection(SolutionConfigurationPlatforms) = preSolution
		Debug|Any CPU = Debug|Any CPU
		Release|Any CPU = Release|Any CPU
	EndGlobalSection
	GlobalSection(ProjectConfigurationPlatforms) = postSolution
		{FC51EB7B-5084-44B2-8A3B-CA8542E52A55}.Debug|Any CPU.ActiveCfg = Debug|Any CPU
		{FC51EB7B-5084-44B2-8A3B-CA8542E52A55}.Debug|Any CPU.Build.0 = Debug|Any CPU
		{FC51EB7B-5084-44B2-8A3B-CA8542E52A55}.Release|Any CPU.ActiveCfg = Release|Any CPU
		{FC51EB7B-5084-44B2-8A3B-CA8542E52A55}.Release|Any CPU.Build.0 = Release|Any CPU
	EndGlobalSection
	GlobalSection(SolutionProperties) = preSolution
		HideSolutionNode = FALSE
	EndGlobalSection
	GlobalSection(ExtensibilityGlobals) = postSolution
		SolutionGuid = {5AE665B6-D36E-4755-AB52-B74F963CF0ED}
	EndGlobalSection
EndGlobal
